// !$*UTF8*$!
{
	archiveVersion = 1;
	classes = {
	};
	objectVersion = 48;
	objects = {

/* Begin PBXBuildFile section */
		D7955FF5207DD21F00542083 /* extensionUIView.swift in Sources */ = {isa = PBXBuildFile; fileRef = D7955FF4207DD21F00542083 /* extensionUIView.swift */; };
		D7955FF7207E0EDC00542083 /* Pawn.swift in Sources */ = {isa = PBXBuildFile; fileRef = D7955FF6207E0EDC00542083 /* Pawn.swift */; };
		D7A7F3B9207528AF007C3646 /* AppDelegate.swift in Sources */ = {isa = PBXBuildFile; fileRef = D7A7F3B8207528AF007C3646 /* AppDelegate.swift */; };
		D7A7F3BB207528AF007C3646 /* ViewController.swift in Sources */ = {isa = PBXBuildFile; fileRef = D7A7F3BA207528AF007C3646 /* ViewController.swift */; };
		D7A7F3BE207528AF007C3646 /* Main.storyboard in Resources */ = {isa = PBXBuildFile; fileRef = D7A7F3BC207528AF007C3646 /* Main.storyboard */; };
		D7A7F3C0207528AF007C3646 /* Assets.xcassets in Resources */ = {isa = PBXBuildFile; fileRef = D7A7F3BF207528AF007C3646 /* Assets.xcassets */; };
		D7A7F3C3207528AF007C3646 /* LaunchScreen.storyboard in Resources */ = {isa = PBXBuildFile; fileRef = D7A7F3C1207528AF007C3646 /* LaunchScreen.storyboard */; };
		D7A7F3CD20752C17007C3646 /* Board.swift in Sources */ = {isa = PBXBuildFile; fileRef = D7A7F3CC20752C17007C3646 /* Board.swift */; };
		D7A7F3CF20753604007C3646 /* BoardSpace.swift in Sources */ = {isa = PBXBuildFile; fileRef = D7A7F3CE20753604007C3646 /* BoardSpace.swift */; };
		D7A7F3D120753C26007C3646 /* Game.swift in Sources */ = {isa = PBXBuildFile; fileRef = D7A7F3D020753C26007C3646 /* Game.swift */; };
		D7A7F3D32077AA43007C3646 /* GameVC.swift in Sources */ = {isa = PBXBuildFile; fileRef = D7A7F3D22077AA43007C3646 /* GameVC.swift */; };
		D7A7F3D52077C8A3007C3646 /* ChessPiece.swift in Sources */ = {isa = PBXBuildFile; fileRef = D7A7F3D42077C8A3007C3646 /* ChessPiece.swift */; };
/* End PBXBuildFile section */

/* Begin PBXFileReference section */
		D7955FF4207DD21F00542083 /* extensionUIView.swift */ = {isa = PBXFileReference; lastKnownFileType = sourcecode.swift; path = extensionUIView.swift; sourceTree = "<group>"; };
		D7955FF6207E0EDC00542083 /* Pawn.swift */ = {isa = PBXFileReference; lastKnownFileType = sourcecode.swift; path = Pawn.swift; sourceTree = "<group>"; };
		D7A7F3B5207528AF007C3646 /* ChessApp.app */ = {isa = PBXFileReference; explicitFileType = wrapper.application; includeInIndex = 0; path = ChessApp.app; sourceTree = BUILT_PRODUCTS_DIR; };
		D7A7F3B8207528AF007C3646 /* AppDelegate.swift */ = {isa = PBXFileReference; lastKnownFileType = sourcecode.swift; path = AppDelegate.swift; sourceTree = "<group>"; };
		D7A7F3BA207528AF007C3646 /* ViewController.swift */ = {isa = PBXFileReference; lastKnownFileType = sourcecode.swift; path = ViewController.swift; sourceTree = "<group>"; };
		D7A7F3BD207528AF007C3646 /* Base */ = {isa = PBXFileReference; lastKnownFileType = file.storyboard; name = Base; path = Base.lproj/Main.storyboard; sourceTree = "<group>"; };
		D7A7F3BF207528AF007C3646 /* Assets.xcassets */ = {isa = PBXFileReference; lastKnownFileType = folder.assetcatalog; path = Assets.xcassets; sourceTree = "<group>"; };
		D7A7F3C2207528AF007C3646 /* Base */ = {isa = PBXFileReference; lastKnownFileType = file.storyboard; name = Base; path = Base.lproj/LaunchScreen.storyboard; sourceTree = "<group>"; };
		D7A7F3C4207528AF007C3646 /* Info.plist */ = {isa = PBXFileReference; lastKnownFileType = text.plist.xml; path = Info.plist; sourceTree = "<group>"; };
		D7A7F3CC20752C17007C3646 /* Board.swift */ = {isa = PBXFileReference; lastKnownFileType = sourcecode.swift; path = Board.swift; sourceTree = "<group>"; };
		D7A7F3CE20753604007C3646 /* BoardSpace.swift */ = {isa = PBXFileReference; lastKnownFileType = sourcecode.swift; path = BoardSpace.swift; sourceTree = "<group>"; };
		D7A7F3D020753C26007C3646 /* Game.swift */ = {isa = PBXFileReference; lastKnownFileType = sourcecode.swift; path = Game.swift; sourceTree = "<group>"; };
		D7A7F3D22077AA43007C3646 /* GameVC.swift */ = {isa = PBXFileReference; lastKnownFileType = sourcecode.swift; path = GameVC.swift; sourceTree = "<group>"; };
		D7A7F3D42077C8A3007C3646 /* ChessPiece.swift */ = {isa = PBXFileReference; lastKnownFileType = sourcecode.swift; path = ChessPiece.swift; sourceTree = "<group>"; };
/* End PBXFileReference section */

/* Begin PBXFrameworksBuildPhase section */
		D7A7F3B2207528AF007C3646 /* Frameworks */ = {
			isa = PBXFrameworksBuildPhase;
			buildActionMask = 2147483647;
			files = (
			);
			runOnlyForDeploymentPostprocessing = 0;
		};
/* End PBXFrameworksBuildPhase section */

/* Begin PBXGroup section */
		D7955FF8207E0EE700542083 /* ChessPiece */ = {
			isa = PBXGroup;
			children = (
				D7A7F3D42077C8A3007C3646 /* ChessPiece.swift */,
				D7955FF6207E0EDC00542083 /* Pawn.swift */,
			);
			path = ChessPiece;
			sourceTree = "<group>";
		};
		D7A7F3AC207528AF007C3646 = {
			isa = PBXGroup;
			children = (
				D7A7F3B7207528AF007C3646 /* ChessApp */,
				D7A7F3B6207528AF007C3646 /* Products */,
			);
			sourceTree = "<group>";
		};
		D7A7F3B6207528AF007C3646 /* Products */ = {
			isa = PBXGroup;
			children = (
				D7A7F3B5207528AF007C3646 /* ChessApp.app */,
			);
			name = Products;
			sourceTree = "<group>";
		};
		D7A7F3B7207528AF007C3646 /* ChessApp */ = {
			isa = PBXGroup;
			children = (
				D7A7F3B8207528AF007C3646 /* AppDelegate.swift */,
				D7A7F3D62077C8EA007C3646 /* Controller */,
				D7A7F3D72077C8FF007C3646 /* Modal */,
				D7955FF8207E0EE700542083 /* ChessPiece */,
				D7A7F3BC207528AF007C3646 /* Main.storyboard */,
				D7A7F3BF207528AF007C3646 /* Assets.xcassets */,
				D7A7F3C1207528AF007C3646 /* LaunchScreen.storyboard */,
				D7A7F3C4207528AF007C3646 /* Info.plist */,
			);
			path = ChessApp;
			sourceTree = "<group>";
		};
		D7A7F3D62077C8EA007C3646 /* Controller */ = {
			isa = PBXGroup;
			children = (
				D7A7F3BA207528AF007C3646 /* ViewController.swift */,
				D7A7F3D22077AA43007C3646 /* GameVC.swift */,
			);
			path = Controller;
			sourceTree = "<group>";
		};
		D7A7F3D72077C8FF007C3646 /* Modal */ = {
			isa = PBXGroup;
			children = (
				D7A7F3D020753C26007C3646 /* Game.swift */,
				D7A7F3CC20752C17007C3646 /* Board.swift */,
				D7A7F3CE20753604007C3646 /* BoardSpace.swift */,
				D7955FF4207DD21F00542083 /* extensionUIView.swift */,
			);
			path = Modal;
			sourceTree = "<group>";
		};
/* End PBXGroup section */

/* Begin PBXNativeTarget section */
		D7A7F3B4207528AF007C3646 /* ChessApp */ = {
			isa = PBXNativeTarget;
			buildConfigurationList = D7A7F3C7207528AF007C3646 /* Build configuration list for PBXNativeTarget "ChessApp" */;
			buildPhases = (
				D7A7F3B1207528AF007C3646 /* Sources */,
				D7A7F3B2207528AF007C3646 /* Frameworks */,
				D7A7F3B3207528AF007C3646 /* Resources */,
			);
			buildRules = (
			);
			dependencies = (
			);
			name = ChessApp;
			productName = ChessApp;
			productReference = D7A7F3B5207528AF007C3646 /* ChessApp.app */;
			productType = "com.apple.product-type.application";
		};
/* End PBXNativeTarget section */

/* Begin PBXProject section */
		D7A7F3AD207528AF007C3646 /* Project object */ = {
			isa = PBXProject;
			attributes = {
				LastSwiftUpdateCheck = 0920;
				LastUpgradeCheck = 0920;
				ORGANIZATIONNAME = "Student 3";
				TargetAttributes = {
					D7A7F3B4207528AF007C3646 = {
						CreatedOnToolsVersion = 9.2;
						ProvisioningStyle = Automatic;
					};
				};
			};
			buildConfigurationList = D7A7F3B0207528AF007C3646 /* Build configuration list for PBXProject "ChessApp" */;
			compatibilityVersion = "Xcode 8.0";
			developmentRegion = en;
			hasScannedForEncodings = 0;
			knownRegions = (
				en,
				Base,
			);
			mainGroup = D7A7F3AC207528AF007C3646;
			productRefGroup = D7A7F3B6207528AF007C3646 /* Products */;
			projectDirPath = "";
			projectRoot = "";
			targets = (
				D7A7F3B4207528AF007C3646 /* ChessApp */,
			);
		};
/* End PBXProject section */

/* Begin PBXResourcesBuildPhase section */
		D7A7F3B3207528AF007C3646 /* Resources */ = {
			isa = PBXResourcesBuildPhase;
			buildActionMask = 2147483647;
			files = (
				D7A7F3C3207528AF007C3646 /* LaunchScreen.storyboard in Resources */,
				D7A7F3C0207528AF007C3646 /* Assets.xcassets in Resources */,
				D7A7F3BE207528AF007C3646 /* Main.storyboard in Resources */,
			);
			runOnlyForDeploymentPostprocessing = 0;
		};
/* End PBXResourcesBuildPhase section */

/* Begin PBXSourcesBuildPhase section */
		D7A7F3B1207528AF007C3646 /* Sources */ = {
			isa = PBXSourcesBuildPhase;
			buildActionMask = 2147483647;
			files = (
				D7A7F3D52077C8A3007C3646 /* ChessPiece.swift in Sources */,
				D7A7F3CD20752C17007C3646 /* Board.swift in Sources */,
				D7A7F3D120753C26007C3646 /* Game.swift in Sources */,
				D7A7F3BB207528AF007C3646 /* ViewController.swift in Sources */,
				D7A7F3B9207528AF007C3646 /* AppDelegate.swift in Sources */,
				D7A7F3D32077AA43007C3646 /* GameVC.swift in Sources */,
				D7A7F3CF20753604007C3646 /* BoardSpace.swift in Sources */,
				D7955FF7207E0EDC00542083 /* Pawn.swift in Sources */,
				D7955FF5207DD21F00542083 /* extensionUIView.swift in Sources */,
			);
			runOnlyForDeploymentPostprocessing = 0;
		};
/* End PBXSourcesBuildPhase section */

/* Begin PBXVariantGroup section */
		D7A7F3BC207528AF007C3646 /* Main.storyboard */ = {
			isa = PBXVariantGroup;
			children = (
				D7A7F3BD207528AF007C3646 /* Base */,
			);
			name = Main.storyboard;
			sourceTree = "<group>";
		};
		D7A7F3C1207528AF007C3646 /* LaunchScreen.storyboard */ = {
			isa = PBXVariantGroup;
			children = (
				D7A7F3C2207528AF007C3646 /* Base */,
			);
			name = LaunchScreen.storyboard;
			sourceTree = "<group>";
		};
/* End PBXVariantGroup section */

/* Begin XCBuildConfiguration section */
		D7A7F3C5207528AF007C3646 /* Debug */ = {
			isa = XCBuildConfiguration;
			buildSettings = {
				ALWAYS_SEARCH_USER_PATHS = NO;
				CLANG_ANALYZER_NONNULL = YES;
				CLANG_ANALYZER_NUMBER_OBJECT_CONVERSION = YES_AGGRESSIVE;
				CLANG_CXX_LANGUAGE_STANDARD = "gnu++14";
				CLANG_CXX_LIBRARY = "libc++";
				CLANG_ENABLE_MODULES = YES;
				CLANG_ENABLE_OBJC_ARC = YES;
				CLANG_WARN_BLOCK_CAPTURE_AUTORELEASING = YES;
				CLANG_WARN_BOOL_CONVERSION = YES;
				CLANG_WARN_COMMA = YES;
				CLANG_WARN_CONSTANT_CONVERSION = YES;
				CLANG_WARN_DIRECT_OBJC_ISA_USAGE = YES_ERROR;
				CLANG_WARN_DOCUMENTATION_COMMENTS = YES;
				CLANG_WARN_EMPTY_BODY = YES;
				CLANG_WARN_ENUM_CONVERSION = YES;
				CLANG_WARN_INFINITE_RECURSION = YES;
				CLANG_WARN_INT_CONVERSION = YES;
				CLANG_WARN_NON_LITERAL_NULL_CONVERSION = YES;
				CLANG_WARN_OBJC_LITERAL_CONVERSION = YES;
				CLANG_WARN_OBJC_ROOT_CLASS = YES_ERROR;
				CLANG_WARN_RANGE_LOOP_ANALYSIS = YES;
				CLANG_WARN_STRICT_PROTOTYPES = YES;
				CLANG_WARN_SUSPICIOUS_MOVE = YES;
				CLANG_WARN_UNGUARDED_AVAILABILITY = YES_AGGRESSIVE;
				CLANG_WARN_UNREACHABLE_CODE = YES;
				CLANG_WARN__DUPLICATE_METHOD_MATCH = YES;
				CODE_SIGN_IDENTITY = "iPhone Developer";
				COPY_PHASE_STRIP = NO;
				DEBUG_INFORMATION_FORMAT = dwarf;
				ENABLE_STRICT_OBJC_MSGSEND = YES;
				ENABLE_TESTABILITY = YES;
				GCC_C_LANGUAGE_STANDARD = gnu11;
				GCC_DYNAMIC_NO_PIC = NO;
				GCC_NO_COMMON_BLOCKS = YES;
				GCC_OPTIMIZATION_LEVEL = 0;
				GCC_PREPROCESSOR_DEFINITIONS = (
					"DEBUG=1",
					"$(inherited)",
				);
				GCC_WARN_64_TO_32_BIT_CONVERSION = YES;
				GCC_WARN_ABOUT_RETURN_TYPE = YES_ERROR;
				GCC_WARN_UNDECLARED_SELECTOR = YES;
				GCC_WARN_UNINITIALIZED_AUTOS = YES_AGGRESSIVE;
				GCC_WARN_UNUSED_FUNCTION = YES;
				GCC_WARN_UNUSED_VARIABLE = YES;
				IPHONEOS_DEPLOYMENT_TARGET = 11.2;
				MTL_ENABLE_DEBUG_INFO = YES;
				ONLY_ACTIVE_ARCH = YES;
				SDKROOT = iphoneos;
				SWIFT_ACTIVE_COMPILATION_CONDITIONS = DEBUG;
				SWIFT_OPTIMIZATION_LEVEL = "-Onone";
			};
			name = Debug;
		};
		D7A7F3C6207528AF007C3646 /* Release */ = {
			isa = XCBuildConfiguration;
			buildSettings = {
				ALWAYS_SEARCH_USER_PATHS = NO;
				CLANG_ANALYZER_NONNULL = YES;
				CLANG_ANALYZER_NUMBER_OBJECT_CONVERSION = YES_AGGRESSIVE;
				CLANG_CXX_LANGUAGE_STANDARD = "gnu++14";
				CLANG_CXX_LIBRARY = "libc++";
				CLANG_ENABLE_MODULES = YES;
				CLANG_ENABLE_OBJC_ARC = YES;
				CLANG_WARN_BLOCK_CAPTURE_AUTORELEASING = YES;
				CLANG_WARN_BOOL_CONVERSION = YES;
				CLANG_WARN_COMMA = YES;
				CLANG_WARN_CONSTANT_CONVERSION = YES;
				CLANG_WARN_DIRECT_OBJC_ISA_USAGE = YES_ERROR;
				CLANG_WARN_DOCUMENTATION_COMMENTS = YES;
				CLANG_WARN_EMPTY_BODY = YES;
				CLANG_WARN_ENUM_CONVERSION = YES;
				CLANG_WARN_INFINITE_RECURSION = YES;
				CLANG_WARN_INT_CONVERSION = YES;
				CLANG_WARN_NON_LITERAL_NULL_CONVERSION = YES;
				CLANG_WARN_OBJC_LITERAL_CONVERSION = YES;
				CLANG_WARN_OBJC_ROOT_CLASS = YES_ERROR;
				CLANG_WARN_RANGE_LOOP_ANALYSIS = YES;
				CLANG_WARN_STRICT_PROTOTYPES = YES;
				CLANG_WARN_SUSPICIOUS_MOVE = YES;
				CLANG_WARN_UNGUARDED_AVAILABILITY = YES_AGGRESSIVE;
				CLANG_WARN_UNREACHABLE_CODE = YES;
				CLANG_WARN__DUPLICATE_METHOD_MATCH = YES;
				CODE_SIGN_IDENTITY = "iPhone Developer";
				COPY_PHASE_STRIP = NO;
				DEBUG_INFORMATION_FORMAT = "dwarf-with-dsym";
				ENABLE_NS_ASSERTIONS = NO;
				ENABLE_STRICT_OBJC_MSGSEND = YES;
				GCC_C_LANGUAGE_STANDARD = gnu11;
				GCC_NO_COMMON_BLOCKS = YES;
				GCC_WARN_64_TO_32_BIT_CONVERSION = YES;
				GCC_WARN_ABOUT_RETURN_TYPE = YES_ERROR;
				GCC_WARN_UNDECLARED_SELECTOR = YES;
				GCC_WARN_UNINITIALIZED_AUTOS = YES_AGGRESSIVE;
				GCC_WARN_UNUSED_FUNCTION = YES;
				GCC_WARN_UNUSED_VARIABLE = YES;
				IPHONEOS_DEPLOYMENT_TARGET = 11.2;
				MTL_ENABLE_DEBUG_INFO = NO;
				SDKROOT = iphoneos;
				SWIFT_OPTIMIZATION_LEVEL = "-Owholemodule";
				VALIDATE_PRODUCT = YES;
			};
			name = Release;
		};
		D7A7F3C8207528AF007C3646 /* Debug */ = {
			isa = XCBuildConfiguration;
			buildSettings = {
				ASSETCATALOG_COMPILER_APPICON_NAME = AppIcon;
				CODE_SIGN_STYLE = Automatic;
				DEVELOPMENT_TEAM = KJPUKCUYN4;
				INFOPLIST_FILE = ChessApp/Info.plist;
				LD_RUNPATH_SEARCH_PATHS = "$(inherited) @executable_path/Frameworks";
				PRODUCT_BUNDLE_IDENTIFIER = Diku.ChessApp;
				PRODUCT_NAME = "$(TARGET_NAME)";
				SWIFT_VERSION = 4.0;
				TARGETED_DEVICE_FAMILY = "1,2";
			};
			name = Debug;
		};
		D7A7F3C9207528AF007C3646 /* Release */ = {
			isa = XCBuildConfiguration;
			buildSettings = {
				ASSETCATALOG_COMPILER_APPICON_NAME = AppIcon;
				CODE_SIGN_STYLE = Automatic;
				DEVELOPMENT_TEAM = KJPUKCUYN4;
				INFOPLIST_FILE = ChessApp/Info.plist;
				LD_RUNPATH_SEARCH_PATHS = "$(inherited) @executable_path/Frameworks";
				PRODUCT_BUNDLE_IDENTIFIER = Diku.ChessApp;
				PRODUCT_NAME = "$(TARGET_NAME)";
				SWIFT_VERSION = 4.0;
				TARGETED_DEVICE_FAMILY = "1,2";
			};
			name = Release;
		};
/* End XCBuildConfiguration section */

/* Begin XCConfigurationList section */
		D7A7F3B0207528AF007C3646 /* Build configuration list for PBXProject "ChessApp" */ = {
			isa = XCConfigurationList;
			buildConfigurations = (
				D7A7F3C5207528AF007C3646 /* Debug */,
				D7A7F3C6207528AF007C3646 /* Release */,
			);
			defaultConfigurationIsVisible = 0;
			defaultConfigurationName = Release;
		};
		D7A7F3C7207528AF007C3646 /* Build configuration list for PBXNativeTarget "ChessApp" */ = {
			isa = XCConfigurationList;
			buildConfigurations = (
				D7A7F3C8207528AF007C3646 /* Debug */,
				D7A7F3C9207528AF007C3646 /* Release */,
			);
			defaultConfigurationIsVisible = 0;
			defaultConfigurationName = Release;
		};
/* End XCConfigurationList section */
	};
	rootObject = D7A7F3AD207528AF007C3646 /* Project object */;
}
